
Microsoft Visual Studio Solution File, Format Version 12.00
# Visual Studio Version 17
VisualStudioVersion = 17.8.34408.163
MinimumVisualStudioVersion = 10.0.40219.1
Project("{9A19103F-16F7-4668-BE54-9A1E7A4F7556}") = "NotePadClone", "NotePadClone\NotePadClone.csproj", "{527340FF-DF89-472D-AD0C-11B53E3EB615}"
EndProject
Project("{9A19103F-16F7-4668-BE54-9A1E7A4F7556}") = "NotePadCloneTests", "NotePadCloneTests\NotePadCloneTests.csproj", "{4DC867FF-0231-40BC-8A4A-EACB0EA0666A}"
EndProject
Global
	GlobalSection(SolutionConfigurationPlatforms) = preSolution
		Debug|Any CPU = Debug|Any CPU
		Release|Any CPU = Release|Any CPU
	EndGlobalSection
	GlobalSection(ProjectConfigurationPlatforms) = postSolution
		{527340FF-DF89-472D-AD0C-11B53E3EB615}.Debug|Any CPU.ActiveCfg = Debug|Any CPU
		{527340FF-DF89-472D-AD0C-11B53E3EB615}.Debug|Any CPU.Build.0 = Debug|Any CPU
		{527340FF-DF89-472D-AD0C-11B53E3EB615}.Release|Any CPU.ActiveCfg = Release|Any CPU
		{527340FF-DF89-472D-AD0C-11B53E3EB615}.Release|Any CPU.Build.0 = Release|Any CPU
		{4DC867FF-0231-40BC-8A4A-EACB0EA0666A}.Debug|Any CPU.ActiveCfg = Debug|Any CPU
		{4DC867FF-0231-40BC-8A4A-EACB0EA0666A}.Debug|Any CPU.Build.0 = Debug|Any CPU
		{4DC867FF-0231-40BC-8A4A-EACB0EA0666A}.Release|Any CPU.ActiveCfg = Release|Any CPU
		{4DC867FF-0231-40BC-8A4A-EACB0EA0666A}.Release|Any CPU.Build.0 = Release|Any CPU
	EndGlobalSection
	GlobalSection(SolutionProperties) = preSolution
		HideSolutionNode = FALSE
	EndGlobalSection
	GlobalSection(ExtensibilityGlobals) = postSolution
		SolutionGuid = {C50B09F4-8DAE-47F9-BC8B-63601D4FE57F}
	EndGlobalSection
EndGlobal
